
Microsoft Visual Studio Solution File, Format Version 12.00
# Visual Studio Version 16
VisualStudioVersion = 16.0.29728.190
MinimumVisualStudioVersion = 10.0.40219.1
Project("{FAE04EC0-301F-11D3-BF4B-00C04F79EFBC}") = "everythingPerf", "everythingPerf\everythingPerf.csproj", "{E267D9AA-A55D-4DCC-B056-4D64C5CE26C3}"
EndProject
Project("{FAE04EC0-301F-11D3-BF4B-00C04F79EFBC}") = "WindowsSearch", "WindowsSearch\WindowsSearch.csproj", "{894D55A6-7235-4EAA-8369-9FCCF15E228B}"
EndProject
Project("{FAE04EC0-301F-11D3-BF4B-00C04F79EFBC}") = "ManageCrawlScope", "ManageCrawlScope\ManageCrawlScope.csproj", "{DEB97D5F-71AF-4E92-992D-86EF173C0FA1}"
EndProject
Global
	GlobalSection(SolutionConfigurationPlatforms) = preSolution
		Debug|Any CPU = Debug|Any CPU
		Debug|x64 = Debug|x64
		Release|Any CPU = Release|Any CPU
		Release|x64 = Release|x64
	EndGlobalSection
	GlobalSection(ProjectConfigurationPlatforms) = postSolution
		{E267D9AA-A55D-4DCC-B056-4D64C5CE26C3}.Debug|Any CPU.ActiveCfg = Debug|Any CPU
		{E267D9AA-A55D-4DCC-B056-4D64C5CE26C3}.Debug|Any CPU.Build.0 = Debug|Any CPU
		{E267D9AA-A55D-4DCC-B056-4D64C5CE26C3}.Debug|x64.ActiveCfg = Debug|x64
		{E267D9AA-A55D-4DCC-B056-4D64C5CE26C3}.Debug|x64.Build.0 = Debug|x64
		{E267D9AA-A55D-4DCC-B056-4D64C5CE26C3}.Release|Any CPU.ActiveCfg = Release|Any CPU
		{E267D9AA-A55D-4DCC-B056-4D64C5CE26C3}.Release|Any CPU.Build.0 = Release|Any CPU
		{E267D9AA-A55D-4DCC-B056-4D64C5CE26C3}.Release|x64.ActiveCfg = Release|x64
		{E267D9AA-A55D-4DCC-B056-4D64C5CE26C3}.Release|x64.Build.0 = Release|x64
		{894D55A6-7235-4EAA-8369-9FCCF15E228B}.Debug|Any CPU.ActiveCfg = Debug|Any CPU
		{894D55A6-7235-4EAA-8369-9FCCF15E228B}.Debug|Any CPU.Build.0 = Debug|Any CPU
		{894D55A6-7235-4EAA-8369-9FCCF15E228B}.Debug|x64.ActiveCfg = Debug|Any CPU
		{894D55A6-7235-4EAA-8369-9FCCF15E228B}.Debug|x64.Build.0 = Debug|Any CPU
		{894D55A6-7235-4EAA-8369-9FCCF15E228B}.Release|Any CPU.ActiveCfg = Release|Any CPU
		{894D55A6-7235-4EAA-8369-9FCCF15E228B}.Release|Any CPU.Build.0 = Release|Any CPU
		{894D55A6-7235-4EAA-8369-9FCCF15E228B}.Release|x64.ActiveCfg = Release|Any CPU
		{894D55A6-7235-4EAA-8369-9FCCF15E228B}.Release|x64.Build.0 = Release|Any CPU
		{DEB97D5F-71AF-4E92-992D-86EF173C0FA1}.Debug|Any CPU.ActiveCfg = Debug|Any CPU
		{DEB97D5F-71AF-4E92-992D-86EF173C0FA1}.Debug|Any CPU.Build.0 = Debug|Any CPU
		{DEB97D5F-71AF-4E92-992D-86EF173C0FA1}.Debug|x64.ActiveCfg = Debug|Any CPU
		{DEB97D5F-71AF-4E92-992D-86EF173C0FA1}.Debug|x64.Build.0 = Debug|Any CPU
		{DEB97D5F-71AF-4E92-992D-86EF173C0FA1}.Release|Any CPU.ActiveCfg = Release|Any CPU
		{DEB97D5F-71AF-4E92-992D-86EF173C0FA1}.Release|Any CPU.Build.0 = Release|Any CPU
		{DEB97D5F-71AF-4E92-992D-86EF173C0FA1}.Release|x64.ActiveCfg = Release|Any CPU
		{DEB97D5F-71AF-4E92-992D-86EF173C0FA1}.Release|x64.Build.0 = Release|Any CPU
	EndGlobalSection
	GlobalSection(SolutionProperties) = preSolution
		HideSolutionNode = FALSE
	EndGlobalSection
	GlobalSection(ExtensibilityGlobals) = postSolution
		SolutionGuid = {F34E8674-E2AA-4544-BB60-AA83E29DC416}
	EndGlobalSection
EndGlobal
